
Microsoft Visual Studio Solution File, Format Version 12.00
# Visual Studio Version 17
VisualStudioVersion = 17.2.32630.192
MinimumVisualStudioVersion = 10.0.40219.1
Project("{FAE04EC0-301F-11D3-BF4B-00C04F79EFBC}") = "TRAINING TOTAL", "TRAINING TOTAL\TRAINING TOTAL.csproj", "{B20E4CFD-9E73-4BFC-8284-09529983E3DF}"
EndProject
Global
	GlobalSection(SolutionConfigurationPlatforms) = preSolution
		Debug|Any CPU = Debug|Any CPU
		Release|Any CPU = Release|Any CPU
	EndGlobalSection
	GlobalSection(ProjectConfigurationPlatforms) = postSolution
		{B20E4CFD-9E73-4BFC-8284-09529983E3DF}.Debug|Any CPU.ActiveCfg = Debug|Any CPU
		{B20E4CFD-9E73-4BFC-8284-09529983E3DF}.Debug|Any CPU.Build.0 = Debug|Any CPU
		{B20E4CFD-9E73-4BFC-8284-09529983E3DF}.Release|Any CPU.ActiveCfg = Release|Any CPU
		{B20E4CFD-9E73-4BFC-8284-09529983E3DF}.Release|Any CPU.Build.0 = Release|Any CPU
	EndGlobalSection
	GlobalSection(SolutionProperties) = preSolution
		HideSolutionNode = FALSE
	EndGlobalSection
	GlobalSection(ExtensibilityGlobals) = postSolution
		SolutionGuid = {6A8B9913-EF2C-4AC6-B9BB-5EC04A7BD729}
	EndGlobalSection
EndGlobal
