
Microsoft Visual Studio Solution File, Format Version 12.00
# Visual Studio Version 17
VisualStudioVersion = 17.2.32630.192
MinimumVisualStudioVersion = 10.0.40219.1
Project("{FAE04EC0-301F-11D3-BF4B-00C04F79EFBC}") = "Lesson 6 Practise rectangle", "Lesson 6 Practise rectangle\Lesson 6 Practise rectangle.csproj", "{5A618569-4662-42C5-BFBA-DE27AB32690E}"
EndProject
Project("{FAE04EC0-301F-11D3-BF4B-00C04F79EFBC}") = "Lesson 6 Game quess number", "Lesson 6 Game quess number\Lesson 6 Game quess number.csproj", "{EC38D480-7265-44E9-8B07-69B9A71193A1}"
EndProject
Global
	GlobalSection(SolutionConfigurationPlatforms) = preSolution
		Debug|Any CPU = Debug|Any CPU
		Release|Any CPU = Release|Any CPU
	EndGlobalSection
	GlobalSection(ProjectConfigurationPlatforms) = postSolution
		{5A618569-4662-42C5-BFBA-DE27AB32690E}.Debug|Any CPU.ActiveCfg = Debug|Any CPU
		{5A618569-4662-42C5-BFBA-DE27AB32690E}.Debug|Any CPU.Build.0 = Debug|Any CPU
		{5A618569-4662-42C5-BFBA-DE27AB32690E}.Release|Any CPU.ActiveCfg = Release|Any CPU
		{5A618569-4662-42C5-BFBA-DE27AB32690E}.Release|Any CPU.Build.0 = Release|Any CPU
		{EC38D480-7265-44E9-8B07-69B9A71193A1}.Debug|Any CPU.ActiveCfg = Debug|Any CPU
		{EC38D480-7265-44E9-8B07-69B9A71193A1}.Debug|Any CPU.Build.0 = Debug|Any CPU
		{EC38D480-7265-44E9-8B07-69B9A71193A1}.Release|Any CPU.ActiveCfg = Release|Any CPU
		{EC38D480-7265-44E9-8B07-69B9A71193A1}.Release|Any CPU.Build.0 = Release|Any CPU
	EndGlobalSection
	GlobalSection(SolutionProperties) = preSolution
		HideSolutionNode = FALSE
	EndGlobalSection
	GlobalSection(ExtensibilityGlobals) = postSolution
		SolutionGuid = {DE7A9B5D-647C-4BB5-BA42-195545A9FEE8}
	EndGlobalSection
EndGlobal
