
Microsoft Visual Studio Solution File, Format Version 12.00
# Visual Studio Version 17
VisualStudioVersion = 17.2.32630.192
MinimumVisualStudioVersion = 10.0.40219.1
Project("{FAE04EC0-301F-11D3-BF4B-00C04F79EFBC}") = "Lessson 24 Equals", "Lessson 24 Equals\Lessson 24 Equals.csproj", "{402CED21-DD20-4011-B412-45AA9C1E1490}"
EndProject
Global
	GlobalSection(SolutionConfigurationPlatforms) = preSolution
		Debug|Any CPU = Debug|Any CPU
		Release|Any CPU = Release|Any CPU
	EndGlobalSection
	GlobalSection(ProjectConfigurationPlatforms) = postSolution
		{402CED21-DD20-4011-B412-45AA9C1E1490}.Debug|Any CPU.ActiveCfg = Debug|Any CPU
		{402CED21-DD20-4011-B412-45AA9C1E1490}.Debug|Any CPU.Build.0 = Debug|Any CPU
		{402CED21-DD20-4011-B412-45AA9C1E1490}.Release|Any CPU.ActiveCfg = Release|Any CPU
		{402CED21-DD20-4011-B412-45AA9C1E1490}.Release|Any CPU.Build.0 = Release|Any CPU
	EndGlobalSection
	GlobalSection(SolutionProperties) = preSolution
		HideSolutionNode = FALSE
	EndGlobalSection
	GlobalSection(ExtensibilityGlobals) = postSolution
		SolutionGuid = {76C99C1E-2283-4FD5-A8CA-1AB0B0CB5D9B}
	EndGlobalSection
EndGlobal
