
Microsoft Visual Studio Solution File, Format Version 12.00
# Visual Studio Version 17
VisualStudioVersion = 17.2.32630.192
MinimumVisualStudioVersion = 10.0.40219.1
Project("{FAE04EC0-301F-11D3-BF4B-00C04F79EFBC}") = "Lesson 28 Inheritance part3 L27cd", "Lesson 28 Inheritance part3 L27cd\Lesson 28 Inheritance part3 L27cd.csproj", "{DC554045-42EA-41D7-928E-918100756E7A}"
EndProject
Global
	GlobalSection(SolutionConfigurationPlatforms) = preSolution
		Debug|Any CPU = Debug|Any CPU
		Release|Any CPU = Release|Any CPU
	EndGlobalSection
	GlobalSection(ProjectConfigurationPlatforms) = postSolution
		{DC554045-42EA-41D7-928E-918100756E7A}.Debug|Any CPU.ActiveCfg = Debug|Any CPU
		{DC554045-42EA-41D7-928E-918100756E7A}.Debug|Any CPU.Build.0 = Debug|Any CPU
		{DC554045-42EA-41D7-928E-918100756E7A}.Release|Any CPU.ActiveCfg = Release|Any CPU
		{DC554045-42EA-41D7-928E-918100756E7A}.Release|Any CPU.Build.0 = Release|Any CPU
	EndGlobalSection
	GlobalSection(SolutionProperties) = preSolution
		HideSolutionNode = FALSE
	EndGlobalSection
	GlobalSection(ExtensibilityGlobals) = postSolution
		SolutionGuid = {79BB9499-7142-4F8A-85EB-C71E34AF8C24}
	EndGlobalSection
EndGlobal
